{
    "_readme": [
        "This file locks the dependencies of your project to a known state",
        "Read more about it at https://getcomposer.org/doc/01-basic-usage.md#installing-dependencies",
        "This file is @generated automatically"
    ],
    "content-hash": "416cf98a299cd51031b936e3b9c4415b",
    "packages": [
        {
            "name": "shoptet/shoptet-wp-common",
            "version": "1.6.2",
            "source": {
                "type": "git",
                "url": "https://github.com/shoptet/shoptet-wp-common.git",
                "reference": "31ff7835a0f5de9239e5611a34fdd1805451a752"
            },
            "dist": {
                "type": "zip",
                "url": "https://api.github.com/repos/shoptet/shoptet-wp-common/zipball/31ff7835a0f5de9239e5611a34fdd1805451a752",
                "reference": "31ff7835a0f5de9239e5611a34fdd1805451a752",
                "shasum": ""
            },
            "type": "library",
            "autoload": {
                "psr-4": {
                    "Shoptet\\": "src/"
                }
            },
            "support": {
                "source": "https://github.com/shoptet/shoptet-wp-common/tree/1.6.2",
                "issues": "https://github.com/shoptet/shoptet-wp-common/issues"
            },
            "time": "2021-04-12T13:50:34+00:00"
        }
    ],
    "packages-dev": [],
    "aliases": [],
    "minimum-stability": "stable",
    "stability-flags": [],
    "prefer-stable": false,
    "prefer-lowest": false,
    "platform": [],
    "platform-dev": [],
    "plugin-api-version": "2.0.0"
}
