{
    "_readme": [
        "This file locks the dependencies of your project to a known state",
        "Read more about it at https://getcomposer.org/doc/01-basic-usage.md#installing-dependencies",
        "This file is @generated automatically"
    ],
    "content-hash": "416cf98a299cd51031b936e3b9c4415b",
    "packages": [
        {
            "name": "shoptet/shoptet-wp-common",
            "version": "1.3.4",
            "source": {
                "type": "git",
                "url": "https://github.com/shoptet/shoptet-wp-common.git",
                "reference": "08f4a2d2eefd13b03391fe46a55d511c4a8c841e"
            },
            "dist": {
                "type": "zip",
                "url": "https://api.github.com/repos/shoptet/shoptet-wp-common/zipball/08f4a2d2eefd13b03391fe46a55d511c4a8c841e",
                "reference": "08f4a2d2eefd13b03391fe46a55d511c4a8c841e",
                "shasum": ""
            },
            "type": "library",
            "autoload": {
                "psr-4": {
                    "Shoptet\\": "src/"
                }
            },
            "support": {
                "source": "https://github.com/shoptet/shoptet-wp-common/tree/1.3.4",
                "issues": "https://github.com/shoptet/shoptet-wp-common/issues"
            },
            "time": "2020-12-04T12:47:08+00:00"
        }
    ],
    "packages-dev": [],
    "aliases": [],
    "minimum-stability": "stable",
    "stability-flags": [],
    "prefer-stable": false,
    "prefer-lowest": false,
    "platform": [],
    "platform-dev": []
}
